
Microsoft Visual Studio Solution File, Format Version 12.00
# Visual Studio Version 17
VisualStudioVersion = 17.11.35312.102
MinimumVisualStudioVersion = 10.0.40219.1
Project("{151D2E53-A2C4-4D7D-83FE-D05416EBD58E}") = "Devoir1", "Devoir1.deployproj", "{79ABAC63-D67D-4C4F-8AC1-F5F14ECD26A1}"
EndProject
Global
	GlobalSection(SolutionConfigurationPlatforms) = preSolution
		Debug|Any CPU = Debug|Any CPU
		Release|Any CPU = Release|Any CPU
	EndGlobalSection
	GlobalSection(ProjectConfigurationPlatforms) = postSolution
		{79ABAC63-D67D-4C4F-8AC1-F5F14ECD26A1}.Debug|Any CPU.ActiveCfg = Debug|Any CPU
		{79ABAC63-D67D-4C4F-8AC1-F5F14ECD26A1}.Debug|Any CPU.Build.0 = Debug|Any CPU
		{79ABAC63-D67D-4C4F-8AC1-F5F14ECD26A1}.Release|Any CPU.ActiveCfg = Release|Any CPU
		{79ABAC63-D67D-4C4F-8AC1-F5F14ECD26A1}.Release|Any CPU.Build.0 = Release|Any CPU
	EndGlobalSection
	GlobalSection(SolutionProperties) = preSolution
		HideSolutionNode = FALSE
	EndGlobalSection
	GlobalSection(ExtensibilityGlobals) = postSolution
		SolutionGuid = {17DADF0C-94A3-4A82-94BA-B085D1EA7399}
	EndGlobalSection
EndGlobal
